// !$*UTF8*$!
{
	archiveVersion = 1;
	classes = {
	};
	objectVersion = 48;
	objects = {

/* Begin PBXBuildFile section */
		F578DA5720ABD6BF00E7F444 /* AppDelegate.swift in Sources */ = {isa = PBXBuildFile; fileRef = F578DA5620ABD6BF00E7F444 /* AppDelegate.swift */; };
		F578DA5920ABD6BF00E7F444 /* ViewController.swift in Sources */ = {isa = PBXBuildFile; fileRef = F578DA5820ABD6BF00E7F444 /* ViewController.swift */; };
		F578DA5C20ABD6BF00E7F444 /* Main.storyboard in Resources */ = {isa = PBXBuildFile; fileRef = F578DA5A20ABD6BF00E7F444 /* Main.storyboard */; };
		F578DA5E20ABD6BF00E7F444 /* Assets.xcassets in Resources */ = {isa = PBXBuildFile; fileRef = F578DA5D20ABD6BF00E7F444 /* Assets.xcassets */; };
		F578DA6120ABD6BF00E7F444 /* LaunchScreen.storyboard in Resources */ = {isa = PBXBuildFile; fileRef = F578DA5F20ABD6BF00E7F444 /* LaunchScreen.storyboard */; };
/* End PBXBuildFile section */

/* Begin PBXFileReference section */
		F578DA5320ABD6BF00E7F444 /* By.app */ = {isa = PBXFileReference; explicitFileType = wrapper.application; includeInIndex = 0; path = By.app; sourceTree = BUILT_PRODUCTS_DIR; };
		F578DA5620ABD6BF00E7F444 /* AppDelegate.swift */ = {isa = PBXFileReference; lastKnownFileType = sourcecode.swift; path = AppDelegate.swift; sourceTree = "<group>"; };
		F578DA5820ABD6BF00E7F444 /* ViewController.swift */ = {isa = PBXFileReference; lastKnownFileType = sourcecode.swift; path = ViewController.swift; sourceTree = "<group>"; };
		F578DA5B20ABD6BF00E7F444 /* Base */ = {isa = PBXFileReference; lastKnownFileType = file.storyboard; name = Base; path = Base.lproj/Main.storyboard; sourceTree = "<group>"; };
		F578DA5D20ABD6BF00E7F444 /* Assets.xcassets */ = {isa = PBXFileReference; lastKnownFileType = folder.assetcatalog; path = Assets.xcassets; sourceTree = "<group>"; };
		F578DA6020ABD6BF00E7F444 /* Base */ = {isa = PBXFileReference; lastKnownFileType = file.storyboard; name = Base; path = Base.lproj/LaunchScreen.storyboard; sourceTree = "<group>"; };
		F578DA6220ABD6BF00E7F444 /* Info.plist */ = {isa = PBXFileReference; lastKnownFileType = text.plist.xml; path = Info.plist; sourceTree = "<group>"; };
/* End PBXFileReference section */

/* Begin PBXFrameworksBuildPhase section */
		F578DA5020ABD6BF00E7F444 /* Frameworks */ = {
			isa = PBXFrameworksBuildPhase;
			buildActionMask = 2147483647;
			files = (
			);
			runOnlyForDeploymentPostprocessing = 0;
		};
/* End PBXFrameworksBuildPhase section */

/* Begin PBXGroup section */
		F578DA4A20ABD6BF00E7F444 = {
			isa = PBXGroup;
			children = (
				F578DA5520ABD6BF00E7F444 /* By */,
				F578DA5420ABD6BF00E7F444 /* Products */,
			);
			sourceTree = "<group>";
		};
		F578DA5420ABD6BF00E7F444 /* Products */ = {
			isa = PBXGroup;
			children = (
				F578DA5320ABD6BF00E7F444 /* By.app */,
			);
			name = Products;
			sourceTree = "<group>";
		};
		F578DA5520ABD6BF00E7F444 /* By */ = {
			isa = PBXGroup;
			children = (
				F578DA5620ABD6BF00E7F444 /* AppDelegate.swift */,
				F578DA5820ABD6BF00E7F444 /* ViewController.swift */,
				F578DA5A20ABD6BF00E7F444 /* Main.storyboard */,
				F578DA5D20ABD6BF00E7F444 /* Assets.xcassets */,
				F578DA5F20ABD6BF00E7F444 /* LaunchScreen.storyboard */,
				F578DA6220ABD6BF00E7F444 /* Info.plist */,
			);
			path = By;
			sourceTree = "<group>";
		};
/* End PBXGroup section */

/* Begin PBXNativeTarget section */
		F578DA5220ABD6BF00E7F444 /* By */ = {
			isa = PBXNativeTarget;
			buildConfigurationList = F578DA6520ABD6BF00E7F444 /* Build configuration list for PBXNativeTarget "By" */;
			buildPhases = (
				F578DA4F20ABD6BF00E7F444 /* Sources */,
				F578DA5020ABD6BF00E7F444 /* Frameworks */,
				F578DA5120ABD6BF00E7F444 /* Resources */,
			);
			buildRules = (
			);
			dependencies = (
			);
			name = By;
			productName = By;
			productReference = F578DA5320ABD6BF00E7F444 /* By.app */;
			productType = "com.apple.product-type.application";
		};
/* End PBXNativeTarget section */

/* Begin PBXProject section */
		F578DA4B20ABD6BF00E7F444 /* Project object */ = {
			isa = PBXProject;
			attributes = {
				LastSwiftUpdateCheck = 0920;
				LastUpgradeCheck = 0920;
				ORGANIZATIONNAME = D7703_22;
				TargetAttributes = {
					F578DA5220ABD6BF00E7F444 = {
						CreatedOnToolsVersion = 9.2;
						ProvisioningStyle = Automatic;
					};
				};
			};
			buildConfigurationList = F578DA4E20ABD6BF00E7F444 /* Build configuration list for PBXProject "By" */;
			compatibilityVersion = "Xcode 8.0";
			developmentRegion = en;
			hasScannedForEncodings = 0;
			knownRegions = (
				en,
				Base,
			);
			mainGroup = F578DA4A20ABD6BF00E7F444;
			productRefGroup = F578DA5420ABD6BF00E7F444 /* Products */;
			projectDirPath = "";
			projectRoot = "";
			targets = (
				F578DA5220ABD6BF00E7F444 /* By */,
			);
		};
/* End PBXProject section */

/* Begin PBXResourcesBuildPhase section */
		F578DA5120ABD6BF00E7F444 /* Resources */ = {
			isa = PBXResourcesBuildPhase;
			buildActionMask = 2147483647;
			files = (
				F578DA6120ABD6BF00E7F444 /* LaunchScreen.storyboard in Resources */,
				F578DA5E20ABD6BF00E7F444 /* Assets.xcassets in Resources */,
				F578DA5C20ABD6BF00E7F444 /* Main.storyboard in Resources */,
			);
			runOnlyForDeploymentPostprocessing = 0;
		};
/* End PBXResourcesBuildPhase section */

/* Begin PBXSourcesBuildPhase section */
		F578DA4F20ABD6BF00E7F444 /* Sources */ = {
			isa = PBXSourcesBuildPhase;
			buildActionMask = 2147483647;
			files = (
				F578DA5920ABD6BF00E7F444 /* ViewController.swift in Sources */,
				F578DA5720ABD6BF00E7F444 /* AppDelegate.swift in Sources */,
			);
			runOnlyForDeploymentPostprocessing = 0;
		};
/* End PBXSourcesBuildPhase section */

/* Begin PBXVariantGroup section */
		F578DA5A20ABD6BF00E7F444 /* Main.storyboard */ = {
			isa = PBXVariantGroup;
			children = (
				F578DA5B20ABD6BF00E7F444 /* Base */,
			);
			name = Main.storyboard;
			sourceTree = "<group>";
		};
		F578DA5F20ABD6BF00E7F444 /* LaunchScreen.storyboard */ = {
			isa = PBXVariantGroup;
			children = (
				F578DA6020ABD6BF00E7F444 /* Base */,
			);
			name = LaunchScreen.storyboard;
			sourceTree = "<group>";
		};
/* End PBXVariantGroup section */

/* Begin XCBuildConfiguration section */
		F578DA6320ABD6BF00E7F444 /* Debug */ = {
			isa = XCBuildConfiguration;
			buildSettings = {
				ALWAYS_SEARCH_USER_PATHS = NO;
				CLANG_ANALYZER_NONNULL = YES;
				CLANG_ANALYZER_NUMBER_OBJECT_CONVERSION = YES_AGGRESSIVE;
				CLANG_CXX_LANGUAGE_STANDARD = "gnu++14";
				CLANG_CXX_LIBRARY = "libc++";
				CLANG_ENABLE_MODULES = YES;
				CLANG_ENABLE_OBJC_ARC = YES;
				CLANG_WARN_BLOCK_CAPTURE_AUTORELEASING = YES;
				CLANG_WARN_BOOL_CONVERSION = YES;
				CLANG_WARN_COMMA = YES;
				CLANG_WARN_CONSTANT_CONVERSION = YES;
				CLANG_WARN_DIRECT_OBJC_ISA_USAGE = YES_ERROR;
				CLANG_WARN_DOCUMENTATION_COMMENTS = YES;
				CLANG_WARN_EMPTY_BODY = YES;
				CLANG_WARN_ENUM_CONVERSION = YES;
				CLANG_WARN_INFINITE_RECURSION = YES;
				CLANG_WARN_INT_CONVERSION = YES;
				CLANG_WARN_NON_LITERAL_NULL_CONVERSION = YES;
				CLANG_WARN_OBJC_LITERAL_CONVERSION = YES;
				CLANG_WARN_OBJC_ROOT_CLASS = YES_ERROR;
				CLANG_WARN_RANGE_LOOP_ANALYSIS = YES;
				CLANG_WARN_STRICT_PROTOTYPES = YES;
				CLANG_WARN_SUSPICIOUS_MOVE = YES;
				CLANG_WARN_UNGUARDED_AVAILABILITY = YES_AGGRESSIVE;
				CLANG_WARN_UNREACHABLE_CODE = YES;
				CLANG_WARN__DUPLICATE_METHOD_MATCH = YES;
				CODE_SIGN_IDENTITY = "iPhone Developer";
				COPY_PHASE_STRIP = NO;
				DEBUG_INFORMATION_FORMAT = dwarf;
				ENABLE_STRICT_OBJC_MSGSEND = YES;
				ENABLE_TESTABILITY = YES;
				GCC_C_LANGUAGE_STANDARD = gnu11;
				GCC_DYNAMIC_NO_PIC = NO;
				GCC_NO_COMMON_BLOCKS = YES;
				GCC_OPTIMIZATION_LEVEL = 0;
				GCC_PREPROCESSOR_DEFINITIONS = (
					"DEBUG=1",
					"$(inherited)",
				);
				GCC_WARN_64_TO_32_BIT_CONVERSION = YES;
				GCC_WARN_ABOUT_RETURN_TYPE = YES_ERROR;
				GCC_WARN_UNDECLARED_SELECTOR = YES;
				GCC_WARN_UNINITIALIZED_AUTOS = YES_AGGRESSIVE;
				GCC_WARN_UNUSED_FUNCTION = YES;
				GCC_WARN_UNUSED_VARIABLE = YES;
				IPHONEOS_DEPLOYMENT_TARGET = 11.2;
				MTL_ENABLE_DEBUG_INFO = YES;
				ONLY_ACTIVE_ARCH = YES;
				SDKROOT = iphoneos;
				SWIFT_ACTIVE_COMPILATION_CONDITIONS = DEBUG;
				SWIFT_OPTIMIZATION_LEVEL = "-Onone";
			};
			name = Debug;
		};
		F578DA6420ABD6BF00E7F444 /* Release */ = {
			isa = XCBuildConfiguration;
			buildSettings = {
				ALWAYS_SEARCH_USER_PATHS = NO;
				CLANG_ANALYZER_NONNULL = YES;
				CLANG_ANALYZER_NUMBER_OBJECT_CONVERSION = YES_AGGRESSIVE;
				CLANG_CXX_LANGUAGE_STANDARD = "gnu++14";
				CLANG_CXX_LIBRARY = "libc++";
				CLANG_ENABLE_MODULES = YES;
				CLANG_ENABLE_OBJC_ARC = YES;
				CLANG_WARN_BLOCK_CAPTURE_AUTORELEASING = YES;
				CLANG_WARN_BOOL_CONVERSION = YES;
				CLANG_WARN_COMMA = YES;
				CLANG_WARN_CONSTANT_CONVERSION = YES;
				CLANG_WARN_DIRECT_OBJC_ISA_USAGE = YES_ERROR;
				CLANG_WARN_DOCUMENTATION_COMMENTS = YES;
				CLANG_WARN_EMPTY_BODY = YES;
				CLANG_WARN_ENUM_CONVERSION = YES;
				CLANG_WARN_INFINITE_RECURSION = YES;
				CLANG_WARN_INT_CONVERSION = YES;
				CLANG_WARN_NON_LITERAL_NULL_CONVERSION = YES;
				CLANG_WARN_OBJC_LITERAL_CONVERSION = YES;
				CLANG_WARN_OBJC_ROOT_CLASS = YES_ERROR;
				CLANG_WARN_RANGE_LOOP_ANALYSIS = YES;
				CLANG_WARN_STRICT_PROTOTYPES = YES;
				CLANG_WARN_SUSPICIOUS_MOVE = YES;
				CLANG_WARN_UNGUARDED_AVAILABILITY = YES_AGGRESSIVE;
				CLANG_WARN_UNREACHABLE_CODE = YES;
				CLANG_WARN__DUPLICATE_METHOD_MATCH = YES;
				CODE_SIGN_IDENTITY = "iPhone Developer";
				COPY_PHASE_STRIP = NO;
				DEBUG_INFORMATION_FORMAT = "dwarf-with-dsym";
				ENABLE_NS_ASSERTIONS = NO;
				ENABLE_STRICT_OBJC_MSGSEND = YES;
				GCC_C_LANGUAGE_STANDARD = gnu11;
				GCC_NO_COMMON_BLOCKS = YES;
				GCC_WARN_64_TO_32_BIT_CONVERSION = YES;
				GCC_WARN_ABOUT_RETURN_TYPE = YES_ERROR;
				GCC_WARN_UNDECLARED_SELECTOR = YES;
				GCC_WARN_UNINITIALIZED_AUTOS = YES_AGGRESSIVE;
				GCC_WARN_UNUSED_FUNCTION = YES;
				GCC_WARN_UNUSED_VARIABLE = YES;
				IPHONEOS_DEPLOYMENT_TARGET = 11.2;
				MTL_ENABLE_DEBUG_INFO = NO;
				SDKROOT = iphoneos;
				SWIFT_OPTIMIZATION_LEVEL = "-Owholemodule";
				VALIDATE_PRODUCT = YES;
			};
			name = Release;
		};
		F578DA6620ABD6BF00E7F444 /* Debug */ = {
			isa = XCBuildConfiguration;
			buildSettings = {
				ASSETCATALOG_COMPILER_APPICON_NAME = AppIcon;
				CODE_SIGN_STYLE = Automatic;
				INFOPLIST_FILE = By/Info.plist;
				LD_RUNPATH_SEARCH_PATHS = "$(inherited) @executable_path/Frameworks";
				PRODUCT_BUNDLE_IDENTIFIER = dit.co.kr.By;
				PRODUCT_NAME = "$(TARGET_NAME)";
				SWIFT_VERSION = 4.0;
				TARGETED_DEVICE_FAMILY = "1,2";
			};
			name = Debug;
		};
		F578DA6720ABD6BF00E7F444 /* Release */ = {
			isa = XCBuildConfiguration;
			buildSettings = {
				ASSETCATALOG_COMPILER_APPICON_NAME = AppIcon;
				CODE_SIGN_STYLE = Automatic;
				INFOPLIST_FILE = By/Info.plist;
				LD_RUNPATH_SEARCH_PATHS = "$(inherited) @executable_path/Frameworks";
				PRODUCT_BUNDLE_IDENTIFIER = dit.co.kr.By;
				PRODUCT_NAME = "$(TARGET_NAME)";
				SWIFT_VERSION = 4.0;
				TARGETED_DEVICE_FAMILY = "1,2";
			};
			name = Release;
		};
/* End XCBuildConfiguration section */

/* Begin XCConfigurationList section */
		F578DA4E20ABD6BF00E7F444 /* Build configuration list for PBXProject "By" */ = {
			isa = XCConfigurationList;
			buildConfigurations = (
				F578DA6320ABD6BF00E7F444 /* Debug */,
				F578DA6420ABD6BF00E7F444 /* Release */,
			);
			defaultConfigurationIsVisible = 0;
			defaultConfigurationName = Release;
		};
		F578DA6520ABD6BF00E7F444 /* Build configuration list for PBXNativeTarget "By" */ = {
			isa = XCConfigurationList;
			buildConfigurations = (
				F578DA6620ABD6BF00E7F444 /* Debug */,
				F578DA6720ABD6BF00E7F444 /* Release */,
			);
			defaultConfigurationIsVisible = 0;
			defaultConfigurationName = Release;
		};
/* End XCConfigurationList section */
	};
	rootObject = F578DA4B20ABD6BF00E7F444 /* Project object */;
}
